
Microsoft Visual Studio Solution File, Format Version 12.00
# Visual Studio Version 16
VisualStudioVersion = 16.0.30413.136
MinimumVisualStudioVersion = 10.0.40219.1
Project("{FAE04EC0-301F-11D3-BF4B-00C04F79EFBC}") = "repositorio1", "repositorio1\repositorio1.csproj", "{1BE9A01F-90B4-467A-893A-EC279DD2EC8B}"
EndProject
Global
	GlobalSection(SolutionConfigurationPlatforms) = preSolution
		Debug|Any CPU = Debug|Any CPU
		Release|Any CPU = Release|Any CPU
	EndGlobalSection
	GlobalSection(ProjectConfigurationPlatforms) = postSolution
		{1BE9A01F-90B4-467A-893A-EC279DD2EC8B}.Debug|Any CPU.ActiveCfg = Debug|Any CPU
		{1BE9A01F-90B4-467A-893A-EC279DD2EC8B}.Debug|Any CPU.Build.0 = Debug|Any CPU
		{1BE9A01F-90B4-467A-893A-EC279DD2EC8B}.Release|Any CPU.ActiveCfg = Release|Any CPU
		{1BE9A01F-90B4-467A-893A-EC279DD2EC8B}.Release|Any CPU.Build.0 = Release|Any CPU
	EndGlobalSection
	GlobalSection(SolutionProperties) = preSolution
		HideSolutionNode = FALSE
	EndGlobalSection
	GlobalSection(ExtensibilityGlobals) = postSolution
		SolutionGuid = {A71F1ACB-FAA6-4000-84F3-39BED100C147}
	EndGlobalSection
EndGlobal
